{
  "version": 4,
  "terraform_version": "1.9.8",
  "serial": 16,
  "lineage": "29987505-4daa-c522-d56f-4e097a346aa2",
  "outputs": {
    "availability_zone_1": {
      "value": "us-east-1a",
      "type": "string"
    },
    "availability_zone_2": {
      "value": "us-east-1b",
      "type": "string"
    },
    "internet_gateway_id": {
      "value": "igw-07d73dd3c6ec95d94",
      "type": "string"
    },
    "nat_gateway_id": {
      "value": "nat-01bdaef2aaf6d2659",
      "type": "string"
    },
    "private_subnet_1_id": {
      "value": "subnet-001e4bbdbacc569ca",
      "type": "string"
    },
    "private_subnet_2_id": {
      "value": "subnet-08fd0909058aebfdd",
      "type": "string"
    },
    "public_subnet_1_id": {
      "value": "subnet-01472eda00e3c1683",
      "type": "string"
    },
    "public_subnet_2_id": {
      "value": "subnet-0f13cda105246449e",
      "type": "string"
    },
    "vpc_cidr_block": {
      "value": "10.0.0.0/16",
      "type": "string"
    },
    "vpc_id": {
      "value": "vpc-05c0f5f1f94732e9b",
      "type": "string"
    }
  },
  "resources": [
    {
      "mode": "data",
      "type": "aws_availability_zones",
      "name": "available",
      "provider": "provider[\"registry.terraform.io/hashicorp/aws\"]",
      "instances": [
        {
          "schema_version": 0,
          "attributes": {
            "all_availability_zones": null,
            "exclude_names": null,
            "exclude_zone_ids": null,
            "filter": null,
            "group_names": [
              "us-east-1"
            ],
            "id": "us-east-1",
            "names": [
              "us-east-1a",
              "us-east-1b",
              "us-east-1c",
              "us-east-1d",
              "us-east-1e",
              "us-east-1f"
            ],
            "state": null,
            "timeouts": null,
            "zone_ids": [
              "use1-az1",
              "use1-az2",
              "use1-az4",
              "use1-az6",
              "use1-az3",
              "use1-az5"
            ]
          },
          "sensitive_attributes": []
        }
      ]
    },
    {
      "mode": "managed",
      "type": "aws_eip",
      "name": "nat",
      "provider": "provider[\"registry.terraform.io/hashicorp/aws\"]",
      "instances": [
        {
          "schema_version": 0,
          "attributes": {
            "address": null,
            "allocation_id": "eipalloc-0c3bb7d38a198536c",
            "arn": "arn:aws:ec2:us-east-1:777644549717:elastic-ip/eipalloc-0c3bb7d38a198536c",
            "associate_with_private_ip": null,
            "association_id": "eipassoc-0a0f37e083d502940",
            "carrier_ip": "",
            "customer_owned_ip": "",
            "customer_owned_ipv4_pool": "",
            "domain": "vpc",
            "id": "eipalloc-0c3bb7d38a198536c",
            "instance": "",
            "ipam_pool_id": null,
            "network_border_group": "us-east-1",
            "network_interface": "eni-0cc8134f24fee4f18",
            "private_dns": "ip-10-0-1-218.ec2.internal",
            "private_ip": "10.0.1.218",
            "ptr_record": "",
            "public_dns": "ec2-3-231-76-18.compute-1.amazonaws.com",
            "public_ip": "3.231.76.18",
            "public_ipv4_pool": "amazon",
            "tags": {},
            "tags_all": {},
            "timeouts": null,
            "vpc": true
          },
          "sensitive_attributes": [],
          "private": "eyJlMmJmYjczMC1lY2FhLTExZTYtOGY4OC0zNDM2M2JjN2M0YzAiOnsiZGVsZXRlIjoxODAwMDAwMDAwMDAsInJlYWQiOjkwMDAwMDAwMDAwMCwidXBkYXRlIjozMDAwMDAwMDAwMDB9fQ=="
        }
      ]
    },
    {
      "mode": "managed",
      "type": "aws_internet_gateway",
      "name": "gw",
      "provider": "provider[\"registry.terraform.io/hashicorp/aws\"]",
      "instances": [
        {
          "schema_version": 0,
          "attributes": {
            "arn": "arn:aws:ec2:us-east-1:777644549717:internet-gateway/igw-07d73dd3c6ec95d94",
            "id": "igw-07d73dd3c6ec95d94",
            "owner_id": "777644549717",
            "tags": {
              "DevopsName": "Shimon",
              "Environment": "dev",
              "GeneratedBy": "Terraform",
              "Owner": "Shimon Mizrahi",
              "Scope": "for deploying OpenVPN"
            },
            "tags_all": {
              "DevopsName": "Shimon",
              "Environment": "dev",
              "GeneratedBy": "Terraform",
              "Owner": "Shimon Mizrahi",
              "Scope": "for deploying OpenVPN"
            },
            "timeouts": null,
            "vpc_id": "vpc-05c0f5f1f94732e9b"
          },
          "sensitive_attributes": [],
          "private": "eyJlMmJmYjczMC1lY2FhLTExZTYtOGY4OC0zNDM2M2JjN2M0YzAiOnsiY3JlYXRlIjoxMjAwMDAwMDAwMDAwLCJkZWxldGUiOjEyMDAwMDAwMDAwMDAsInVwZGF0ZSI6MTIwMDAwMDAwMDAwMH19",
          "dependencies": [
            "aws_vpc.main"
          ]
        }
      ]
    },
    {
      "mode": "managed",
      "type": "aws_nat_gateway",
      "name": "nat",
      "provider": "provider[\"registry.terraform.io/hashicorp/aws\"]",
      "instances": [
        {
          "schema_version": 0,
          "attributes": {
            "allocation_id": "eipalloc-0c3bb7d38a198536c",
            "association_id": "eipassoc-0a0f37e083d502940",
            "connectivity_type": "public",
            "id": "nat-01bdaef2aaf6d2659",
            "network_interface_id": "eni-0cc8134f24fee4f18",
            "private_ip": "10.0.1.218",
            "public_ip": "3.231.76.18",
            "secondary_allocation_ids": [],
            "secondary_private_ip_address_count": 0,
            "secondary_private_ip_addresses": [],
            "subnet_id": "subnet-01472eda00e3c1683",
            "tags": {
              "DevopsName": "Shimon",
              "Environment": "dev",
              "GeneratedBy": "Terraform",
              "Owner": "Shimon Mizrahi",
              "Scope": "for deploying OpenVPN"
            },
            "tags_all": {
              "DevopsName": "Shimon",
              "Environment": "dev",
              "GeneratedBy": "Terraform",
              "Owner": "Shimon Mizrahi",
              "Scope": "for deploying OpenVPN"
            },
            "timeouts": null
          },
          "sensitive_attributes": [],
          "private": "eyJlMmJmYjczMC1lY2FhLTExZTYtOGY4OC0zNDM2M2JjN2M0YzAiOnsiY3JlYXRlIjo2MDAwMDAwMDAwMDAsImRlbGV0ZSI6MTgwMDAwMDAwMDAwMCwidXBkYXRlIjo2MDAwMDAwMDAwMDB9fQ==",
          "dependencies": [
            "aws_eip.nat",
            "aws_subnet.public_1",
            "aws_vpc.main",
            "data.aws_availability_zones.available"
          ]
        }
      ]
    },
    {
      "mode": "managed",
      "type": "aws_route_table",
      "name": "private",
      "provider": "provider[\"registry.terraform.io/hashicorp/aws\"]",
      "instances": [
        {
          "schema_version": 0,
          "attributes": {
            "arn": "arn:aws:ec2:us-east-1:777644549717:route-table/rtb-0e0569f2f3041bf67",
            "id": "rtb-0e0569f2f3041bf67",
            "owner_id": "777644549717",
            "propagating_vgws": [],
            "route": [
              {
                "carrier_gateway_id": "",
                "cidr_block": "0.0.0.0/0",
                "core_network_arn": "",
                "destination_prefix_list_id": "",
                "egress_only_gateway_id": "",
                "gateway_id": "",
                "ipv6_cidr_block": "",
                "local_gateway_id": "",
                "nat_gateway_id": "nat-01bdaef2aaf6d2659",
                "network_interface_id": "",
                "transit_gateway_id": "",
                "vpc_endpoint_id": "",
                "vpc_peering_connection_id": ""
              }
            ],
            "tags": {
              "DevopsName": "Shimon",
              "Environment": "dev",
              "GeneratedBy": "Terraform",
              "Owner": "Shimon Mizrahi",
              "Scope": "for deploying OpenVPN"
            },
            "tags_all": {
              "DevopsName": "Shimon",
              "Environment": "dev",
              "GeneratedBy": "Terraform",
              "Owner": "Shimon Mizrahi",
              "Scope": "for deploying OpenVPN"
            },
            "timeouts": null,
            "vpc_id": "vpc-05c0f5f1f94732e9b"
          },
          "sensitive_attributes": [],
          "private": "eyJlMmJmYjczMC1lY2FhLTExZTYtOGY4OC0zNDM2M2JjN2M0YzAiOnsiY3JlYXRlIjozMDAwMDAwMDAwMDAsImRlbGV0ZSI6MzAwMDAwMDAwMDAwLCJ1cGRhdGUiOjEyMDAwMDAwMDAwMH19",
          "dependencies": [
            "aws_eip.nat",
            "aws_nat_gateway.nat",
            "aws_subnet.public_1",
            "aws_vpc.main",
            "data.aws_availability_zones.available"
          ]
        }
      ]
    },
    {
      "mode": "managed",
      "type": "aws_route_table",
      "name": "public",
      "provider": "provider[\"registry.terraform.io/hashicorp/aws\"]",
      "instances": [
        {
          "schema_version": 0,
          "attributes": {
            "arn": "arn:aws:ec2:us-east-1:777644549717:route-table/rtb-0445bede205e9e44d",
            "id": "rtb-0445bede205e9e44d",
            "owner_id": "777644549717",
            "propagating_vgws": [],
            "route": [
              {
                "carrier_gateway_id": "",
                "cidr_block": "0.0.0.0/0",
                "core_network_arn": "",
                "destination_prefix_list_id": "",
                "egress_only_gateway_id": "",
                "gateway_id": "igw-07d73dd3c6ec95d94",
                "ipv6_cidr_block": "",
                "local_gateway_id": "",
                "nat_gateway_id": "",
                "network_interface_id": "",
                "transit_gateway_id": "",
                "vpc_endpoint_id": "",
                "vpc_peering_connection_id": ""
              }
            ],
            "tags": {
              "DevopsName": "Shimon",
              "Environment": "dev",
              "GeneratedBy": "Terraform",
              "Owner": "Shimon Mizrahi",
              "Scope": "for deploying OpenVPN"
            },
            "tags_all": {
              "DevopsName": "Shimon",
              "Environment": "dev",
              "GeneratedBy": "Terraform",
              "Owner": "Shimon Mizrahi",
              "Scope": "for deploying OpenVPN"
            },
            "timeouts": null,
            "vpc_id": "vpc-05c0f5f1f94732e9b"
          },
          "sensitive_attributes": [],
          "private": "eyJlMmJmYjczMC1lY2FhLTExZTYtOGY4OC0zNDM2M2JjN2M0YzAiOnsiY3JlYXRlIjozMDAwMDAwMDAwMDAsImRlbGV0ZSI6MzAwMDAwMDAwMDAwLCJ1cGRhdGUiOjEyMDAwMDAwMDAwMH19",
          "dependencies": [
            "aws_internet_gateway.gw",
            "aws_vpc.main"
          ]
        }
      ]
    },
    {
      "mode": "managed",
      "type": "aws_route_table_association",
      "name": "private_1",
      "provider": "provider[\"registry.terraform.io/hashicorp/aws\"]",
      "instances": [
        {
          "schema_version": 0,
          "attributes": {
            "gateway_id": "",
            "id": "rtbassoc-0d9b1516db6dd800f",
            "route_table_id": "rtb-0e0569f2f3041bf67",
            "subnet_id": "subnet-001e4bbdbacc569ca",
            "timeouts": null
          },
          "sensitive_attributes": [],
          "private": "eyJlMmJmYjczMC1lY2FhLTExZTYtOGY4OC0zNDM2M2JjN2M0YzAiOnsiY3JlYXRlIjozMDAwMDAwMDAwMDAsImRlbGV0ZSI6MzAwMDAwMDAwMDAwLCJ1cGRhdGUiOjEyMDAwMDAwMDAwMH19",
          "dependencies": [
            "aws_eip.nat",
            "aws_nat_gateway.nat",
            "aws_route_table.private",
            "aws_subnet.private_1",
            "aws_subnet.public_1",
            "aws_vpc.main",
            "data.aws_availability_zones.available"
          ]
        }
      ]
    },
    {
      "mode": "managed",
      "type": "aws_route_table_association",
      "name": "private_2",
      "provider": "provider[\"registry.terraform.io/hashicorp/aws\"]",
      "instances": [
        {
          "schema_version": 0,
          "attributes": {
            "gateway_id": "",
            "id": "rtbassoc-0d376d61230ff00b5",
            "route_table_id": "rtb-0e0569f2f3041bf67",
            "subnet_id": "subnet-08fd0909058aebfdd",
            "timeouts": null
          },
          "sensitive_attributes": [],
          "private": "eyJlMmJmYjczMC1lY2FhLTExZTYtOGY4OC0zNDM2M2JjN2M0YzAiOnsiY3JlYXRlIjozMDAwMDAwMDAwMDAsImRlbGV0ZSI6MzAwMDAwMDAwMDAwLCJ1cGRhdGUiOjEyMDAwMDAwMDAwMH19",
          "dependencies": [
            "aws_eip.nat",
            "aws_nat_gateway.nat",
            "aws_route_table.private",
            "aws_subnet.private_2",
            "aws_subnet.public_1",
            "aws_vpc.main",
            "data.aws_availability_zones.available"
          ]
        }
      ]
    },
    {
      "mode": "managed",
      "type": "aws_route_table_association",
      "name": "public_1",
      "provider": "provider[\"registry.terraform.io/hashicorp/aws\"]",
      "instances": [
        {
          "schema_version": 0,
          "attributes": {
            "gateway_id": "",
            "id": "rtbassoc-08d819d5ff80366fc",
            "route_table_id": "rtb-0445bede205e9e44d",
            "subnet_id": "subnet-01472eda00e3c1683",
            "timeouts": null
          },
          "sensitive_attributes": [],
          "private": "eyJlMmJmYjczMC1lY2FhLTExZTYtOGY4OC0zNDM2M2JjN2M0YzAiOnsiY3JlYXRlIjozMDAwMDAwMDAwMDAsImRlbGV0ZSI6MzAwMDAwMDAwMDAwLCJ1cGRhdGUiOjEyMDAwMDAwMDAwMH19",
          "dependencies": [
            "aws_internet_gateway.gw",
            "aws_route_table.public",
            "aws_subnet.public_1",
            "aws_vpc.main",
            "data.aws_availability_zones.available"
          ]
        }
      ]
    },
    {
      "mode": "managed",
      "type": "aws_route_table_association",
      "name": "public_2",
      "provider": "provider[\"registry.terraform.io/hashicorp/aws\"]",
      "instances": [
        {
          "schema_version": 0,
          "attributes": {
            "gateway_id": "",
            "id": "rtbassoc-069e8f808b6eabee1",
            "route_table_id": "rtb-0445bede205e9e44d",
            "subnet_id": "subnet-0f13cda105246449e",
            "timeouts": null
          },
          "sensitive_attributes": [],
          "private": "eyJlMmJmYjczMC1lY2FhLTExZTYtOGY4OC0zNDM2M2JjN2M0YzAiOnsiY3JlYXRlIjozMDAwMDAwMDAwMDAsImRlbGV0ZSI6MzAwMDAwMDAwMDAwLCJ1cGRhdGUiOjEyMDAwMDAwMDAwMH19",
          "dependencies": [
            "aws_internet_gateway.gw",
            "aws_route_table.public",
            "aws_subnet.public_2",
            "aws_vpc.main",
            "data.aws_availability_zones.available"
          ]
        }
      ]
    },
    {
      "mode": "managed",
      "type": "aws_subnet",
      "name": "private_1",
      "provider": "provider[\"registry.terraform.io/hashicorp/aws\"]",
      "instances": [
        {
          "schema_version": 1,
          "attributes": {
            "arn": "arn:aws:ec2:us-east-1:777644549717:subnet/subnet-001e4bbdbacc569ca",
            "assign_ipv6_address_on_creation": false,
            "availability_zone": "us-east-1a",
            "availability_zone_id": "use1-az1",
            "cidr_block": "10.0.3.0/24",
            "customer_owned_ipv4_pool": "",
            "enable_dns64": false,
            "enable_lni_at_device_index": 0,
            "enable_resource_name_dns_a_record_on_launch": false,
            "enable_resource_name_dns_aaaa_record_on_launch": false,
            "id": "subnet-001e4bbdbacc569ca",
            "ipv6_cidr_block": "",
            "ipv6_cidr_block_association_id": "",
            "ipv6_native": false,
            "map_customer_owned_ip_on_launch": false,
            "map_public_ip_on_launch": false,
            "outpost_arn": "",
            "owner_id": "777644549717",
            "private_dns_hostname_type_on_launch": "ip-name",
            "tags": {
              "DevopsName": "Shimon",
              "Environment": "dev",
              "GeneratedBy": "Terraform",
              "Owner": "Shimon Mizrahi",
              "Scope": "for deploying OpenVPN"
            },
            "tags_all": {
              "DevopsName": "Shimon",
              "Environment": "dev",
              "GeneratedBy": "Terraform",
              "Owner": "Shimon Mizrahi",
              "Scope": "for deploying OpenVPN"
            },
            "timeouts": null,
            "vpc_id": "vpc-05c0f5f1f94732e9b"
          },
          "sensitive_attributes": [],
          "private": "eyJlMmJmYjczMC1lY2FhLTExZTYtOGY4OC0zNDM2M2JjN2M0YzAiOnsiY3JlYXRlIjo2MDAwMDAwMDAwMDAsImRlbGV0ZSI6MTIwMDAwMDAwMDAwMH0sInNjaGVtYV92ZXJzaW9uIjoiMSJ9",
          "dependencies": [
            "aws_vpc.main",
            "data.aws_availability_zones.available"
          ]
        }
      ]
    },
    {
      "mode": "managed",
      "type": "aws_subnet",
      "name": "private_2",
      "provider": "provider[\"registry.terraform.io/hashicorp/aws\"]",
      "instances": [
        {
          "schema_version": 1,
          "attributes": {
            "arn": "arn:aws:ec2:us-east-1:777644549717:subnet/subnet-08fd0909058aebfdd",
            "assign_ipv6_address_on_creation": false,
            "availability_zone": "us-east-1b",
            "availability_zone_id": "use1-az2",
            "cidr_block": "10.0.4.0/24",
            "customer_owned_ipv4_pool": "",
            "enable_dns64": false,
            "enable_lni_at_device_index": 0,
            "enable_resource_name_dns_a_record_on_launch": false,
            "enable_resource_name_dns_aaaa_record_on_launch": false,
            "id": "subnet-08fd0909058aebfdd",
            "ipv6_cidr_block": "",
            "ipv6_cidr_block_association_id": "",
            "ipv6_native": false,
            "map_customer_owned_ip_on_launch": false,
            "map_public_ip_on_launch": false,
            "outpost_arn": "",
            "owner_id": "777644549717",
            "private_dns_hostname_type_on_launch": "ip-name",
            "tags": {
              "DevopsName": "Shimon",
              "Environment": "dev",
              "GeneratedBy": "Terraform",
              "Owner": "Shimon Mizrahi",
              "Scope": "for deploying OpenVPN"
            },
            "tags_all": {
              "DevopsName": "Shimon",
              "Environment": "dev",
              "GeneratedBy": "Terraform",
              "Owner": "Shimon Mizrahi",
              "Scope": "for deploying OpenVPN"
            },
            "timeouts": null,
            "vpc_id": "vpc-05c0f5f1f94732e9b"
          },
          "sensitive_attributes": [],
          "private": "eyJlMmJmYjczMC1lY2FhLTExZTYtOGY4OC0zNDM2M2JjN2M0YzAiOnsiY3JlYXRlIjo2MDAwMDAwMDAwMDAsImRlbGV0ZSI6MTIwMDAwMDAwMDAwMH0sInNjaGVtYV92ZXJzaW9uIjoiMSJ9",
          "dependencies": [
            "aws_vpc.main",
            "data.aws_availability_zones.available"
          ]
        }
      ]
    },
    {
      "mode": "managed",
      "type": "aws_subnet",
      "name": "public_1",
      "provider": "provider[\"registry.terraform.io/hashicorp/aws\"]",
      "instances": [
        {
          "schema_version": 1,
          "attributes": {
            "arn": "arn:aws:ec2:us-east-1:777644549717:subnet/subnet-01472eda00e3c1683",
            "assign_ipv6_address_on_creation": false,
            "availability_zone": "us-east-1a",
            "availability_zone_id": "use1-az1",
            "cidr_block": "10.0.1.0/24",
            "customer_owned_ipv4_pool": "",
            "enable_dns64": false,
            "enable_lni_at_device_index": 0,
            "enable_resource_name_dns_a_record_on_launch": false,
            "enable_resource_name_dns_aaaa_record_on_launch": false,
            "id": "subnet-01472eda00e3c1683",
            "ipv6_cidr_block": "",
            "ipv6_cidr_block_association_id": "",
            "ipv6_native": false,
            "map_customer_owned_ip_on_launch": false,
            "map_public_ip_on_launch": true,
            "outpost_arn": "",
            "owner_id": "777644549717",
            "private_dns_hostname_type_on_launch": "ip-name",
            "tags": {
              "DevopsName": "Shimon",
              "Environment": "dev",
              "GeneratedBy": "Terraform",
              "Owner": "Shimon Mizrahi",
              "Scope": "for deploying OpenVPN"
            },
            "tags_all": {
              "DevopsName": "Shimon",
              "Environment": "dev",
              "GeneratedBy": "Terraform",
              "Owner": "Shimon Mizrahi",
              "Scope": "for deploying OpenVPN"
            },
            "timeouts": null,
            "vpc_id": "vpc-05c0f5f1f94732e9b"
          },
          "sensitive_attributes": [],
          "private": "eyJlMmJmYjczMC1lY2FhLTExZTYtOGY4OC0zNDM2M2JjN2M0YzAiOnsiY3JlYXRlIjo2MDAwMDAwMDAwMDAsImRlbGV0ZSI6MTIwMDAwMDAwMDAwMH0sInNjaGVtYV92ZXJzaW9uIjoiMSJ9",
          "dependencies": [
            "aws_vpc.main",
            "data.aws_availability_zones.available"
          ]
        }
      ]
    },
    {
      "mode": "managed",
      "type": "aws_subnet",
      "name": "public_2",
      "provider": "provider[\"registry.terraform.io/hashicorp/aws\"]",
      "instances": [
        {
          "schema_version": 1,
          "attributes": {
            "arn": "arn:aws:ec2:us-east-1:777644549717:subnet/subnet-0f13cda105246449e",
            "assign_ipv6_address_on_creation": false,
            "availability_zone": "us-east-1b",
            "availability_zone_id": "use1-az2",
            "cidr_block": "10.0.2.0/24",
            "customer_owned_ipv4_pool": "",
            "enable_dns64": false,
            "enable_lni_at_device_index": 0,
            "enable_resource_name_dns_a_record_on_launch": false,
            "enable_resource_name_dns_aaaa_record_on_launch": false,
            "id": "subnet-0f13cda105246449e",
            "ipv6_cidr_block": "",
            "ipv6_cidr_block_association_id": "",
            "ipv6_native": false,
            "map_customer_owned_ip_on_launch": false,
            "map_public_ip_on_launch": true,
            "outpost_arn": "",
            "owner_id": "777644549717",
            "private_dns_hostname_type_on_launch": "ip-name",
            "tags": {
              "DevopsName": "Shimon",
              "Environment": "dev",
              "GeneratedBy": "Terraform",
              "Owner": "Shimon Mizrahi",
              "Scope": "for deploying OpenVPN"
            },
            "tags_all": {
              "DevopsName": "Shimon",
              "Environment": "dev",
              "GeneratedBy": "Terraform",
              "Owner": "Shimon Mizrahi",
              "Scope": "for deploying OpenVPN"
            },
            "timeouts": null,
            "vpc_id": "vpc-05c0f5f1f94732e9b"
          },
          "sensitive_attributes": [],
          "private": "eyJlMmJmYjczMC1lY2FhLTExZTYtOGY4OC0zNDM2M2JjN2M0YzAiOnsiY3JlYXRlIjo2MDAwMDAwMDAwMDAsImRlbGV0ZSI6MTIwMDAwMDAwMDAwMH0sInNjaGVtYV92ZXJzaW9uIjoiMSJ9",
          "dependencies": [
            "aws_vpc.main",
            "data.aws_availability_zones.available"
          ]
        }
      ]
    },
    {
      "mode": "managed",
      "type": "aws_vpc",
      "name": "main",
      "provider": "provider[\"registry.terraform.io/hashicorp/aws\"]",
      "instances": [
        {
          "schema_version": 1,
          "attributes": {
            "arn": "arn:aws:ec2:us-east-1:777644549717:vpc/vpc-05c0f5f1f94732e9b",
            "assign_generated_ipv6_cidr_block": false,
            "cidr_block": "10.0.0.0/16",
            "default_network_acl_id": "acl-00471ce4bc6dbe963",
            "default_route_table_id": "rtb-05a0220593cebce4b",
            "default_security_group_id": "sg-03eea95e338edd48a",
            "dhcp_options_id": "dopt-0a4cd222552d951be",
            "enable_dns_hostnames": true,
            "enable_dns_support": true,
            "enable_network_address_usage_metrics": false,
            "id": "vpc-05c0f5f1f94732e9b",
            "instance_tenancy": "default",
            "ipv4_ipam_pool_id": null,
            "ipv4_netmask_length": null,
            "ipv6_association_id": "",
            "ipv6_cidr_block": "",
            "ipv6_cidr_block_network_border_group": "",
            "ipv6_ipam_pool_id": "",
            "ipv6_netmask_length": 0,
            "main_route_table_id": "rtb-05a0220593cebce4b",
            "owner_id": "777644549717",
            "tags": {
              "DevopsName": "Shimon",
              "Environment": "dev",
              "GeneratedBy": "Terraform",
              "Owner": "Shimon Mizrahi",
              "Scope": "for deploying OpenVPN"
            },
            "tags_all": {
              "DevopsName": "Shimon",
              "Environment": "dev",
              "GeneratedBy": "Terraform",
              "Owner": "Shimon Mizrahi",
              "Scope": "for deploying OpenVPN"
            }
          },
          "sensitive_attributes": [],
          "private": "eyJzY2hlbWFfdmVyc2lvbiI6IjEifQ=="
        }
      ]
    }
  ],
  "check_results": null
}
